
Microsoft Visual Studio Solution File, Format Version 12.00
# Visual Studio Version 17
VisualStudioVersion = 17.0.32126.317
MinimumVisualStudioVersion = 10.0.40219.1
Project("{2150E333-8FDC-42A3-9474-1A3956D46DE8}") = "src", "src", "{685889E4-7881-497E-9F41-89019F5C0B5C}"
EndProject
Project("{2150E333-8FDC-42A3-9474-1A3956D46DE8}") = "test", "test", "{8AAC0E9F-D91D-47EE-B5F7-D4EB311033A8}"
EndProject
Project("{9A19103F-16F7-4668-BE54-9A1E7A4F7556}") = "Catalog.Api", "Catalog\src\Catalog.Api.csproj", "{6B851FBA-ED1C-4292-A851-86806541811F}"
EndProject
Project("{9A19103F-16F7-4668-BE54-9A1E7A4F7556}") = "Order.Api", "Order\src\Order.Api.csproj", "{7DCF9939-AA72-4995-A51E-2FCB908FC04A}"
EndProject
Project("{9A19103F-16F7-4668-BE54-9A1E7A4F7556}") = "Basket.Api", "Basket\Basket.Api\Basket.Api.csproj", "{BA74722D-C185-4525-B05A-5BC5154022BC}"
EndProject
Project("{2150E333-8FDC-42A3-9474-1A3956D46DE8}") = "Core", "Core", "{A2BC51AA-1040-4DA7-AED5-2097C50E2A6E}"
EndProject
Project("{9A19103F-16F7-4668-BE54-9A1E7A4F7556}") = "Core.Common", "Core\Core.Common\Core.Common.csproj", "{31BBFEB1-7A66-4EFB-B2CC-9FADD09086F6}"
EndProject
Project("{9A19103F-16F7-4668-BE54-9A1E7A4F7556}") = "Core.Contracts", "Core\Core.Contracts\Core.Contracts.csproj", "{68ADC9B0-6355-4FDE-8F2E-9B92B00B6A4D}"
EndProject
Project("{2150E333-8FDC-42A3-9474-1A3956D46DE8}") = "build", "build", "{0741F516-91E5-4C22-BAEB-FE59E47A8F4D}"
EndProject
Project("{2150E333-8FDC-42A3-9474-1A3956D46DE8}") = "root", "root", "{0D7711D4-9D03-4926-8713-F7C6093677BD}"
	ProjectSection(SolutionItems) = preProject
		.dockerignore = .dockerignore
		.gitattributes = .gitattributes
		.gitignore = .gitignore
		..\..\..\PROJETOS\SIGC\repos\Sigc.MktHub.Catalog\nuget.config = ..\..\..\PROJETOS\SIGC\repos\Sigc.MktHub.Catalog\nuget.config
		..\..\..\PROJETOS\SIGC\repos\Sigc.MktHub.Catalog\readme.md = ..\..\..\PROJETOS\SIGC\repos\Sigc.MktHub.Catalog\readme.md
	EndProjectSection
EndProject
Project("{E53339B2-1760-4266-BCC7-CA923CBCF16C}") = "docker-compose", "docker-compose.dcproj", "{6E9A7934-9CA5-46F4-8082-80D5DF613234}"
EndProject
Project("{FAE04EC0-301F-11D3-BF4B-00C04F79EFBC}") = "Discount.Api", "Discount\Discount.Api\Discount.Api.csproj", "{339CCE1B-1B84-49DA-8016-18201A4F3F34}"
EndProject
Global
	GlobalSection(SolutionConfigurationPlatforms) = preSolution
		Debug|Any CPU = Debug|Any CPU
		Release|Any CPU = Release|Any CPU
	EndGlobalSection
	GlobalSection(ProjectConfigurationPlatforms) = postSolution
		{6B851FBA-ED1C-4292-A851-86806541811F}.Debug|Any CPU.ActiveCfg = Debug|Any CPU
		{6B851FBA-ED1C-4292-A851-86806541811F}.Debug|Any CPU.Build.0 = Debug|Any CPU
		{6B851FBA-ED1C-4292-A851-86806541811F}.Release|Any CPU.ActiveCfg = Release|Any CPU
		{6B851FBA-ED1C-4292-A851-86806541811F}.Release|Any CPU.Build.0 = Release|Any CPU
		{7DCF9939-AA72-4995-A51E-2FCB908FC04A}.Debug|Any CPU.ActiveCfg = Debug|Any CPU
		{7DCF9939-AA72-4995-A51E-2FCB908FC04A}.Debug|Any CPU.Build.0 = Debug|Any CPU
		{7DCF9939-AA72-4995-A51E-2FCB908FC04A}.Release|Any CPU.ActiveCfg = Release|Any CPU
		{7DCF9939-AA72-4995-A51E-2FCB908FC04A}.Release|Any CPU.Build.0 = Release|Any CPU
		{BA74722D-C185-4525-B05A-5BC5154022BC}.Debug|Any CPU.ActiveCfg = Debug|Any CPU
		{BA74722D-C185-4525-B05A-5BC5154022BC}.Debug|Any CPU.Build.0 = Debug|Any CPU
		{BA74722D-C185-4525-B05A-5BC5154022BC}.Release|Any CPU.ActiveCfg = Release|Any CPU
		{BA74722D-C185-4525-B05A-5BC5154022BC}.Release|Any CPU.Build.0 = Release|Any CPU
		{31BBFEB1-7A66-4EFB-B2CC-9FADD09086F6}.Debug|Any CPU.ActiveCfg = Debug|Any CPU
		{31BBFEB1-7A66-4EFB-B2CC-9FADD09086F6}.Debug|Any CPU.Build.0 = Debug|Any CPU
		{31BBFEB1-7A66-4EFB-B2CC-9FADD09086F6}.Release|Any CPU.ActiveCfg = Release|Any CPU
		{31BBFEB1-7A66-4EFB-B2CC-9FADD09086F6}.Release|Any CPU.Build.0 = Release|Any CPU
		{68ADC9B0-6355-4FDE-8F2E-9B92B00B6A4D}.Debug|Any CPU.ActiveCfg = Debug|Any CPU
		{68ADC9B0-6355-4FDE-8F2E-9B92B00B6A4D}.Debug|Any CPU.Build.0 = Debug|Any CPU
		{68ADC9B0-6355-4FDE-8F2E-9B92B00B6A4D}.Release|Any CPU.ActiveCfg = Release|Any CPU
		{68ADC9B0-6355-4FDE-8F2E-9B92B00B6A4D}.Release|Any CPU.Build.0 = Release|Any CPU
		{6E9A7934-9CA5-46F4-8082-80D5DF613234}.Debug|Any CPU.ActiveCfg = Debug|Any CPU
		{6E9A7934-9CA5-46F4-8082-80D5DF613234}.Debug|Any CPU.Build.0 = Debug|Any CPU
		{6E9A7934-9CA5-46F4-8082-80D5DF613234}.Release|Any CPU.ActiveCfg = Release|Any CPU
		{6E9A7934-9CA5-46F4-8082-80D5DF613234}.Release|Any CPU.Build.0 = Release|Any CPU
		{339CCE1B-1B84-49DA-8016-18201A4F3F34}.Debug|Any CPU.ActiveCfg = Debug|Any CPU
		{339CCE1B-1B84-49DA-8016-18201A4F3F34}.Debug|Any CPU.Build.0 = Debug|Any CPU
		{339CCE1B-1B84-49DA-8016-18201A4F3F34}.Release|Any CPU.ActiveCfg = Release|Any CPU
		{339CCE1B-1B84-49DA-8016-18201A4F3F34}.Release|Any CPU.Build.0 = Release|Any CPU
	EndGlobalSection
	GlobalSection(SolutionProperties) = preSolution
		HideSolutionNode = FALSE
	EndGlobalSection
	GlobalSection(NestedProjects) = preSolution
		{6B851FBA-ED1C-4292-A851-86806541811F} = {685889E4-7881-497E-9F41-89019F5C0B5C}
		{7DCF9939-AA72-4995-A51E-2FCB908FC04A} = {685889E4-7881-497E-9F41-89019F5C0B5C}
		{BA74722D-C185-4525-B05A-5BC5154022BC} = {685889E4-7881-497E-9F41-89019F5C0B5C}
		{A2BC51AA-1040-4DA7-AED5-2097C50E2A6E} = {685889E4-7881-497E-9F41-89019F5C0B5C}
		{31BBFEB1-7A66-4EFB-B2CC-9FADD09086F6} = {A2BC51AA-1040-4DA7-AED5-2097C50E2A6E}
		{68ADC9B0-6355-4FDE-8F2E-9B92B00B6A4D} = {A2BC51AA-1040-4DA7-AED5-2097C50E2A6E}
		{339CCE1B-1B84-49DA-8016-18201A4F3F34} = {685889E4-7881-497E-9F41-89019F5C0B5C}
	EndGlobalSection
	GlobalSection(ExtensibilityGlobals) = postSolution
		SolutionGuid = {E6BA66B4-60A6-43AD-98B2-58F105E4BCA6}
	EndGlobalSection
EndGlobal
