
Microsoft Visual Studio Solution File, Format Version 12.00
# Visual Studio Version 17
VisualStudioVersion = 17.0.32126.317
MinimumVisualStudioVersion = 10.0.40219.1
Project("{2150E333-8FDC-42A3-9474-1A3956D46DE8}") = "src", "src", "{685889E4-7881-497E-9F41-89019F5C0B5C}"
EndProject
Project("{2150E333-8FDC-42A3-9474-1A3956D46DE8}") = "test", "test", "{8AAC0E9F-D91D-47EE-B5F7-D4EB311033A8}"
EndProject
Project("{9A19103F-16F7-4668-BE54-9A1E7A4F7556}") = "Catalog.Api", "Catalog\src\Catalog.Api.csproj", "{6B851FBA-ED1C-4292-A851-86806541811F}"
EndProject
Project("{9A19103F-16F7-4668-BE54-9A1E7A4F7556}") = "Order.Api", "Order\src\Order.Api.csproj", "{7DCF9939-AA72-4995-A51E-2FCB908FC04A}"
EndProject
Global
	GlobalSection(SolutionConfigurationPlatforms) = preSolution
		Debug|Any CPU = Debug|Any CPU
		Release|Any CPU = Release|Any CPU
	EndGlobalSection
	GlobalSection(ProjectConfigurationPlatforms) = postSolution
		{6B851FBA-ED1C-4292-A851-86806541811F}.Debug|Any CPU.ActiveCfg = Debug|Any CPU
		{6B851FBA-ED1C-4292-A851-86806541811F}.Debug|Any CPU.Build.0 = Debug|Any CPU
		{6B851FBA-ED1C-4292-A851-86806541811F}.Release|Any CPU.ActiveCfg = Release|Any CPU
		{6B851FBA-ED1C-4292-A851-86806541811F}.Release|Any CPU.Build.0 = Release|Any CPU
		{7DCF9939-AA72-4995-A51E-2FCB908FC04A}.Debug|Any CPU.ActiveCfg = Debug|Any CPU
		{7DCF9939-AA72-4995-A51E-2FCB908FC04A}.Debug|Any CPU.Build.0 = Debug|Any CPU
		{7DCF9939-AA72-4995-A51E-2FCB908FC04A}.Release|Any CPU.ActiveCfg = Release|Any CPU
		{7DCF9939-AA72-4995-A51E-2FCB908FC04A}.Release|Any CPU.Build.0 = Release|Any CPU
	EndGlobalSection
	GlobalSection(SolutionProperties) = preSolution
		HideSolutionNode = FALSE
	EndGlobalSection
	GlobalSection(NestedProjects) = preSolution
		{6B851FBA-ED1C-4292-A851-86806541811F} = {685889E4-7881-497E-9F41-89019F5C0B5C}
		{7DCF9939-AA72-4995-A51E-2FCB908FC04A} = {685889E4-7881-497E-9F41-89019F5C0B5C}
	EndGlobalSection
	GlobalSection(ExtensibilityGlobals) = postSolution
		SolutionGuid = {E6BA66B4-60A6-43AD-98B2-58F105E4BCA6}
	EndGlobalSection
EndGlobal
